// !$*UTF8*$!
{
	archiveVersion = 1;
	classes = {
	};
	objectVersion = 46;
	objects = {

/* Begin PBXBuildFile section */
		1B3C9F3819ADD1A700C79552 /* Foundation.framework in Frameworks */ = {isa = PBXBuildFile; fileRef = 1B3C9F3719ADD1A700C79552 /* Foundation.framework */; };
		1B3C9F3A19ADD1A700C79552 /* CoreGraphics.framework in Frameworks */ = {isa = PBXBuildFile; fileRef = 1B3C9F3919ADD1A700C79552 /* CoreGraphics.framework */; };
		1B3C9F3C19ADD1A700C79552 /* UIKit.framework in Frameworks */ = {isa = PBXBuildFile; fileRef = 1B3C9F3B19ADD1A700C79552 /* UIKit.framework */; };
		1B3C9F4219ADD1A700C79552 /* InfoPlist.strings in Resources */ = {isa = PBXBuildFile; fileRef = 1B3C9F4019ADD1A700C79552 /* InfoPlist.strings */; };
		1B3C9F4419ADD1A700C79552 /* main.m in Sources */ = {isa = PBXBuildFile; fileRef = 1B3C9F4319ADD1A700C79552 /* main.m */; };
		1B3C9F4819ADD1A700C79552 /* XHAppDelegate.m in Sources */ = {isa = PBXBuildFile; fileRef = 1B3C9F4719ADD1A700C79552 /* XHAppDelegate.m */; };
		1B3C9F4A19ADD1A700C79552 /* Images.xcassets in Resources */ = {isa = PBXBuildFile; fileRef = 1B3C9F4919ADD1A700C79552 /* Images.xcassets */; };
		1B3C9F5119ADD1A700C79552 /* XCTest.framework in Frameworks */ = {isa = PBXBuildFile; fileRef = 1B3C9F5019ADD1A700C79552 /* XCTest.framework */; };
		1B3C9F5219ADD1A700C79552 /* Foundation.framework in Frameworks */ = {isa = PBXBuildFile; fileRef = 1B3C9F3719ADD1A700C79552 /* Foundation.framework */; };
		1B3C9F5319ADD1A700C79552 /* UIKit.framework in Frameworks */ = {isa = PBXBuildFile; fileRef = 1B3C9F3B19ADD1A700C79552 /* UIKit.framework */; };
		1B3C9F5B19ADD1A700C79552 /* InfoPlist.strings in Resources */ = {isa = PBXBuildFile; fileRef = 1B3C9F5919ADD1A700C79552 /* InfoPlist.strings */; };
		1B3C9F5D19ADD1A700C79552 /* XiaoHuaAppTests.m in Sources */ = {isa = PBXBuildFile; fileRef = 1B3C9F5C19ADD1A700C79552 /* XiaoHuaAppTests.m */; };
		1B55FB1B19AECB3000C8A44E /* XHJokesController.m in Sources */ = {isa = PBXBuildFile; fileRef = 1B55FB1A19AECB3000C8A44E /* XHJokesController.m */; };
		1B55FB2A19AED97400C8A44E /* XHUserController.m in Sources */ = {isa = PBXBuildFile; fileRef = 1B55FB2919AED97400C8A44E /* XHUserController.m */; };
		1B55FB2F19AEDE9C00C8A44E /* XHJoke.m in Sources */ = {isa = PBXBuildFile; fileRef = 1B55FB2E19AEDE9C00C8A44E /* XHJoke.m */; };
		1B55FB3219AEDFF800C8A44E /* XHJokeCell.m in Sources */ = {isa = PBXBuildFile; fileRef = 1B55FB3119AEDFF800C8A44E /* XHJokeCell.m */; };
		1B55FB3619AF1F3C00C8A44E /* NSString+IsEmpty.m in Sources */ = {isa = PBXBuildFile; fileRef = 1B55FB3519AF1F3C00C8A44E /* NSString+IsEmpty.m */; };
		1B600F5019B9A0C7005D3082 /* XHRegisterController.m in Sources */ = {isa = PBXBuildFile; fileRef = 1B600F4E19B9A0C7005D3082 /* XHRegisterController.m */; };
		1B600F5119B9A0C7005D3082 /* XHRegisterController.xib in Resources */ = {isa = PBXBuildFile; fileRef = 1B600F4F19B9A0C7005D3082 /* XHRegisterController.xib */; };
		1BBFB6D419B591CC00F0E31F /* XHSettingController.m in Sources */ = {isa = PBXBuildFile; fileRef = 1BBFB6D219B591CC00F0E31F /* XHSettingController.m */; };
		1BBFB6D519B591CC00F0E31F /* XHSettingController.xib in Resources */ = {isa = PBXBuildFile; fileRef = 1BBFB6D319B591CC00F0E31F /* XHSettingController.xib */; };
		1BBFB6E119B5AEC800F0E31F /* XHLoginController.m in Sources */ = {isa = PBXBuildFile; fileRef = 1BBFB6DF19B5AEC800F0E31F /* XHLoginController.m */; };
		1BBFB6E219B5AEC800F0E31F /* XHLoginController.xib in Resources */ = {isa = PBXBuildFile; fileRef = 1BBFB6E019B5AEC800F0E31F /* XHLoginController.xib */; };
		1BBFB6E619B5C26000F0E31F /* XHMessagesController.m in Sources */ = {isa = PBXBuildFile; fileRef = 1BBFB6E419B5C26000F0E31F /* XHMessagesController.m */; };
		1BBFB6E719B5C26000F0E31F /* XHMessagesController.xib in Resources */ = {isa = PBXBuildFile; fileRef = 1BBFB6E519B5C26000F0E31F /* XHMessagesController.xib */; };
		1BBFB6EF19B5C50100F0E31F /* XHJokeFormController.m in Sources */ = {isa = PBXBuildFile; fileRef = 1BBFB6ED19B5C50100F0E31F /* XHJokeFormController.m */; };
		1BBFB6F019B5C50100F0E31F /* XHJokeFormController.xib in Resources */ = {isa = PBXBuildFile; fileRef = 1BBFB6EE19B5C50100F0E31F /* XHJokeFormController.xib */; };
		1BE0A07419B6C920004BAF97 /* XHUser.m in Sources */ = {isa = PBXBuildFile; fileRef = 1BE0A07319B6C920004BAF97 /* XHUser.m */; };
		1BE0A07719B6EC80004BAF97 /* XHPreferences.m in Sources */ = {isa = PBXBuildFile; fileRef = 1BE0A07619B6EC80004BAF97 /* XHPreferences.m */; };
		BF080DC719AF75A3001D3EA9 /* placeholder@2x.gif in Resources */ = {isa = PBXBuildFile; fileRef = BF080DC619AF75A3001D3EA9 /* placeholder@2x.gif */; };
		BF27E0A119B4BD3900AC9730 /* comment.png in Resources */ = {isa = PBXBuildFile; fileRef = BF27E09719B4BD3900AC9730 /* comment.png */; };
		BF27E0A219B4BD3900AC9730 /* comment@2x.png in Resources */ = {isa = PBXBuildFile; fileRef = BF27E09819B4BD3900AC9730 /* comment@2x.png */; };
		BF27E0A319B4BD3900AC9730 /* down.png in Resources */ = {isa = PBXBuildFile; fileRef = BF27E09919B4BD3900AC9730 /* down.png */; };
		BF27E0A419B4BD3900AC9730 /* down@2x.png in Resources */ = {isa = PBXBuildFile; fileRef = BF27E09A19B4BD3900AC9730 /* down@2x.png */; };
		BF27E0A519B4BD3900AC9730 /* message.png in Resources */ = {isa = PBXBuildFile; fileRef = BF27E09B19B4BD3900AC9730 /* message.png */; };
		BF27E0A619B4BD3900AC9730 /* message@2x.png in Resources */ = {isa = PBXBuildFile; fileRef = BF27E09C19B4BD3900AC9730 /* message@2x.png */; };
		BF27E0A919B4BD3900AC9730 /* user.png in Resources */ = {isa = PBXBuildFile; fileRef = BF27E09F19B4BD3900AC9730 /* user.png */; };
		BF27E0AA19B4BD3900AC9730 /* user@2x.png in Resources */ = {isa = PBXBuildFile; fileRef = BF27E0A019B4BD3900AC9730 /* user@2x.png */; };
		BF27E0AD19B4BE4100AC9730 /* refresh.png in Resources */ = {isa = PBXBuildFile; fileRef = BF27E0AB19B4BE4100AC9730 /* refresh.png */; };
		BF27E0AE19B4BE4100AC9730 /* refresh@2x.png in Resources */ = {isa = PBXBuildFile; fileRef = BF27E0AC19B4BE4100AC9730 /* refresh@2x.png */; };
		BF513DDC19B601DD00023AA6 /* setting.png in Resources */ = {isa = PBXBuildFile; fileRef = BF513DD819B601DD00023AA6 /* setting.png */; };
		BF513DDD19B601DD00023AA6 /* setting@2x.png in Resources */ = {isa = PBXBuildFile; fileRef = BF513DD919B601DD00023AA6 /* setting@2x.png */; };
		BF513DDE19B601DD00023AA6 /* up.png in Resources */ = {isa = PBXBuildFile; fileRef = BF513DDA19B601DD00023AA6 /* up.png */; };
		BF513DDF19B601DD00023AA6 /* up@2x.png in Resources */ = {isa = PBXBuildFile; fileRef = BF513DDB19B601DD00023AA6 /* up@2x.png */; };
		BF513DE219B6024400023AA6 /* envelope.png in Resources */ = {isa = PBXBuildFile; fileRef = BF513DE019B6024400023AA6 /* envelope.png */; };
		BF513DE319B6024400023AA6 /* envelope@2x.png in Resources */ = {isa = PBXBuildFile; fileRef = BF513DE119B6024400023AA6 /* envelope@2x.png */; };
		BFC06AF419B8A6D2009F4F35 /* power@2x.png in Resources */ = {isa = PBXBuildFile; fileRef = BFC06AF219B8A6D2009F4F35 /* power@2x.png */; };
		BFC06AF519B8A6D2009F4F35 /* power.png in Resources */ = {isa = PBXBuildFile; fileRef = BFC06AF319B8A6D2009F4F35 /* power.png */; };
		BFC06AF819B8A707009F4F35 /* avatar.png in Resources */ = {isa = PBXBuildFile; fileRef = BFC06AF619B8A707009F4F35 /* avatar.png */; };
		BFC06AF919B8A707009F4F35 /* avatar@2x.png in Resources */ = {isa = PBXBuildFile; fileRef = BFC06AF719B8A707009F4F35 /* avatar@2x.png */; };
		BFCC28EA19B2206C00DE391F /* MJRefresh.bundle in Resources */ = {isa = PBXBuildFile; fileRef = BFCC28DA19B2206C00DE391F /* MJRefresh.bundle */; };
		BFCC28EB19B2206C00DE391F /* MJRefreshBaseView.m in Sources */ = {isa = PBXBuildFile; fileRef = BFCC28DD19B2206C00DE391F /* MJRefreshBaseView.m */; };
		BFCC28EC19B2206C00DE391F /* MJRefreshConst.m in Sources */ = {isa = PBXBuildFile; fileRef = BFCC28DF19B2206C00DE391F /* MJRefreshConst.m */; };
		BFCC28ED19B2206C00DE391F /* MJRefreshFooterView.m in Sources */ = {isa = PBXBuildFile; fileRef = BFCC28E119B2206C00DE391F /* MJRefreshFooterView.m */; };
		BFCC28EE19B2206C00DE391F /* MJRefreshHeaderView.m in Sources */ = {isa = PBXBuildFile; fileRef = BFCC28E319B2206C00DE391F /* MJRefreshHeaderView.m */; };
		BFCC28EF19B2206C00DE391F /* UIScrollView+MJExtension.m in Sources */ = {isa = PBXBuildFile; fileRef = BFCC28E519B2206C00DE391F /* UIScrollView+MJExtension.m */; };
		BFCC28F019B2206C00DE391F /* UIScrollView+MJRefresh.m in Sources */ = {isa = PBXBuildFile; fileRef = BFCC28E719B2206C00DE391F /* UIScrollView+MJRefresh.m */; };
		BFCC28F119B2206C00DE391F /* UIView+MJExtension.m in Sources */ = {isa = PBXBuildFile; fileRef = BFCC28E919B2206C00DE391F /* UIView+MJExtension.m */; };
		FB4F044A9300474D8C22AB53 /* libPods.a in Frameworks */ = {isa = PBXBuildFile; fileRef = 7077413D4E2E4A87AE475A48 /* libPods.a */; };
/* End PBXBuildFile section */

/* Begin PBXContainerItemProxy section */
		1B39385319B4624600FCCF15 /* PBXContainerItemProxy */ = {
			isa = PBXContainerItemProxy;
			containerPortal = 1B3C9F2C19ADD1A700C79552 /* Project object */;
			proxyType = 1;
			remoteGlobalIDString = 1B3C9F3319ADD1A700C79552;
			remoteInfo = XiaoHuaApp;
		};
		1B39385519B4624600FCCF15 /* PBXContainerItemProxy */ = {
			isa = PBXContainerItemProxy;
			containerPortal = 1B3C9F2C19ADD1A700C79552 /* Project object */;
			proxyType = 1;
			remoteGlobalIDString = 1B3C9F3319ADD1A700C79552;
			remoteInfo = XiaoHuaApp;
		};
		1B3C9F5419ADD1A700C79552 /* PBXContainerItemProxy */ = {
			isa = PBXContainerItemProxy;
			containerPortal = 1B3C9F2C19ADD1A700C79552 /* Project object */;
			proxyType = 1;
			remoteGlobalIDString = 1B3C9F3319ADD1A700C79552;
			remoteInfo = XiaoHuaApp;
		};
/* End PBXContainerItemProxy section */

/* Begin PBXFileReference section */
		1B3C9F3419ADD1A700C79552 /* XiaoHuaApp.app */ = {isa = PBXFileReference; explicitFileType = wrapper.application; includeInIndex = 0; path = XiaoHuaApp.app; sourceTree = BUILT_PRODUCTS_DIR; };
		1B3C9F3719ADD1A700C79552 /* Foundation.framework */ = {isa = PBXFileReference; lastKnownFileType = wrapper.framework; name = Foundation.framework; path = System/Library/Frameworks/Foundation.framework; sourceTree = SDKROOT; };
		1B3C9F3919ADD1A700C79552 /* CoreGraphics.framework */ = {isa = PBXFileReference; lastKnownFileType = wrapper.framework; name = CoreGraphics.framework; path = System/Library/Frameworks/CoreGraphics.framework; sourceTree = SDKROOT; };
		1B3C9F3B19ADD1A700C79552 /* UIKit.framework */ = {isa = PBXFileReference; lastKnownFileType = wrapper.framework; name = UIKit.framework; path = System/Library/Frameworks/UIKit.framework; sourceTree = SDKROOT; };
		1B3C9F3F19ADD1A700C79552 /* XiaoHuaApp-Info.plist */ = {isa = PBXFileReference; lastKnownFileType = text.plist.xml; path = "XiaoHuaApp-Info.plist"; sourceTree = "<group>"; };
		1B3C9F4119ADD1A700C79552 /* en */ = {isa = PBXFileReference; lastKnownFileType = text.plist.strings; name = en; path = en.lproj/InfoPlist.strings; sourceTree = "<group>"; };
		1B3C9F4319ADD1A700C79552 /* main.m */ = {isa = PBXFileReference; lastKnownFileType = sourcecode.c.objc; path = main.m; sourceTree = "<group>"; };
		1B3C9F4519ADD1A700C79552 /* XiaoHuaApp-Prefix.pch */ = {isa = PBXFileReference; lastKnownFileType = sourcecode.c.h; path = "XiaoHuaApp-Prefix.pch"; sourceTree = "<group>"; };
		1B3C9F4619ADD1A700C79552 /* XHAppDelegate.h */ = {isa = PBXFileReference; lastKnownFileType = sourcecode.c.h; path = XHAppDelegate.h; sourceTree = "<group>"; };
		1B3C9F4719ADD1A700C79552 /* XHAppDelegate.m */ = {isa = PBXFileReference; lastKnownFileType = sourcecode.c.objc; path = XHAppDelegate.m; sourceTree = "<group>"; };
		1B3C9F4919ADD1A700C79552 /* Images.xcassets */ = {isa = PBXFileReference; lastKnownFileType = folder.assetcatalog; path = Images.xcassets; sourceTree = "<group>"; };
		1B3C9F4F19ADD1A700C79552 /* XiaoHuaAppTests.xctest */ = {isa = PBXFileReference; explicitFileType = wrapper.cfbundle; includeInIndex = 0; path = XiaoHuaAppTests.xctest; sourceTree = BUILT_PRODUCTS_DIR; };
		1B3C9F5019ADD1A700C79552 /* XCTest.framework */ = {isa = PBXFileReference; lastKnownFileType = wrapper.framework; name = XCTest.framework; path = Library/Frameworks/XCTest.framework; sourceTree = DEVELOPER_DIR; };
		1B3C9F5819ADD1A700C79552 /* XiaoHuaAppTests-Info.plist */ = {isa = PBXFileReference; lastKnownFileType = text.plist.xml; path = "XiaoHuaAppTests-Info.plist"; sourceTree = "<group>"; };
		1B3C9F5A19ADD1A700C79552 /* en */ = {isa = PBXFileReference; lastKnownFileType = text.plist.strings; name = en; path = en.lproj/InfoPlist.strings; sourceTree = "<group>"; };
		1B3C9F5C19ADD1A700C79552 /* XiaoHuaAppTests.m */ = {isa = PBXFileReference; lastKnownFileType = sourcecode.c.objc; path = XiaoHuaAppTests.m; sourceTree = "<group>"; };
		1B55FB1919AECB3000C8A44E /* XHJokesController.h */ = {isa = PBXFileReference; fileEncoding = 4; lastKnownFileType = sourcecode.c.h; path = XHJokesController.h; sourceTree = SOURCE_ROOT; };
		1B55FB1A19AECB3000C8A44E /* XHJokesController.m */ = {isa = PBXFileReference; fileEncoding = 4; lastKnownFileType = sourcecode.c.objc; path = XHJokesController.m; sourceTree = SOURCE_ROOT; };
		1B55FB2819AED97400C8A44E /* XHUserController.h */ = {isa = PBXFileReference; fileEncoding = 4; lastKnownFileType = sourcecode.c.h; path = XHUserController.h; sourceTree = SOURCE_ROOT; };
		1B55FB2919AED97400C8A44E /* XHUserController.m */ = {isa = PBXFileReference; fileEncoding = 4; lastKnownFileType = sourcecode.c.objc; path = XHUserController.m; sourceTree = SOURCE_ROOT; };
		1B55FB2D19AEDE9C00C8A44E /* XHJoke.h */ = {isa = PBXFileReference; fileEncoding = 4; lastKnownFileType = sourcecode.c.h; name = XHJoke.h; path = XiaoHuaApp/Resources/XHJoke.h; sourceTree = SOURCE_ROOT; };
		1B55FB2E19AEDE9C00C8A44E /* XHJoke.m */ = {isa = PBXFileReference; fileEncoding = 4; lastKnownFileType = sourcecode.c.objc; name = XHJoke.m; path = XiaoHuaApp/Resources/XHJoke.m; sourceTree = SOURCE_ROOT; };
		1B55FB3019AEDFF800C8A44E /* XHJokeCell.h */ = {isa = PBXFileReference; fileEncoding = 4; lastKnownFileType = sourcecode.c.h; path = XHJokeCell.h; sourceTree = SOURCE_ROOT; };
		1B55FB3119AEDFF800C8A44E /* XHJokeCell.m */ = {isa = PBXFileReference; fileEncoding = 4; lastKnownFileType = sourcecode.c.objc; path = XHJokeCell.m; sourceTree = SOURCE_ROOT; };
		1B55FB3419AF1F3C00C8A44E /* NSString+IsEmpty.h */ = {isa = PBXFileReference; fileEncoding = 4; lastKnownFileType = sourcecode.c.h; path = "NSString+IsEmpty.h"; sourceTree = "<group>"; };
		1B55FB3519AF1F3C00C8A44E /* NSString+IsEmpty.m */ = {isa = PBXFileReference; fileEncoding = 4; lastKnownFileType = sourcecode.c.objc; path = "NSString+IsEmpty.m"; sourceTree = "<group>"; };
		1B600F4D19B9A0C7005D3082 /* XHRegisterController.h */ = {isa = PBXFileReference; fileEncoding = 4; lastKnownFileType = sourcecode.c.h; path = XHRegisterController.h; sourceTree = SOURCE_ROOT; };
		1B600F4E19B9A0C7005D3082 /* XHRegisterController.m */ = {isa = PBXFileReference; fileEncoding = 4; lastKnownFileType = sourcecode.c.objc; path = XHRegisterController.m; sourceTree = SOURCE_ROOT; };
		1B600F4F19B9A0C7005D3082 /* XHRegisterController.xib */ = {isa = PBXFileReference; fileEncoding = 4; lastKnownFileType = file.xib; path = XHRegisterController.xib; sourceTree = SOURCE_ROOT; };
		1BBFB6D119B591CC00F0E31F /* XHSettingController.h */ = {isa = PBXFileReference; fileEncoding = 4; lastKnownFileType = sourcecode.c.h; path = XHSettingController.h; sourceTree = SOURCE_ROOT; };
		1BBFB6D219B591CC00F0E31F /* XHSettingController.m */ = {isa = PBXFileReference; fileEncoding = 4; lastKnownFileType = sourcecode.c.objc; path = XHSettingController.m; sourceTree = SOURCE_ROOT; };
		1BBFB6D319B591CC00F0E31F /* XHSettingController.xib */ = {isa = PBXFileReference; fileEncoding = 4; lastKnownFileType = file.xib; path = XHSettingController.xib; sourceTree = SOURCE_ROOT; };
		1BBFB6DE19B5AEC800F0E31F /* XHLoginController.h */ = {isa = PBXFileReference; fileEncoding = 4; lastKnownFileType = sourcecode.c.h; path = XHLoginController.h; sourceTree = SOURCE_ROOT; };
		1BBFB6DF19B5AEC800F0E31F /* XHLoginController.m */ = {isa = PBXFileReference; fileEncoding = 4; lastKnownFileType = sourcecode.c.objc; path = XHLoginController.m; sourceTree = SOURCE_ROOT; };
		1BBFB6E019B5AEC800F0E31F /* XHLoginController.xib */ = {isa = PBXFileReference; fileEncoding = 4; lastKnownFileType = file.xib; path = XHLoginController.xib; sourceTree = SOURCE_ROOT; };
		1BBFB6E319B5C26000F0E31F /* XHMessagesController.h */ = {isa = PBXFileReference; fileEncoding = 4; lastKnownFileType = sourcecode.c.h; path = XHMessagesController.h; sourceTree = SOURCE_ROOT; };
		1BBFB6E419B5C26000F0E31F /* XHMessagesController.m */ = {isa = PBXFileReference; fileEncoding = 4; lastKnownFileType = sourcecode.c.objc; path = XHMessagesController.m; sourceTree = SOURCE_ROOT; };
		1BBFB6E519B5C26000F0E31F /* XHMessagesController.xib */ = {isa = PBXFileReference; fileEncoding = 4; lastKnownFileType = file.xib; path = XHMessagesController.xib; sourceTree = SOURCE_ROOT; };
		1BBFB6EC19B5C50100F0E31F /* XHJokeFormController.h */ = {isa = PBXFileReference; fileEncoding = 4; lastKnownFileType = sourcecode.c.h; path = XHJokeFormController.h; sourceTree = SOURCE_ROOT; };
		1BBFB6ED19B5C50100F0E31F /* XHJokeFormController.m */ = {isa = PBXFileReference; fileEncoding = 4; lastKnownFileType = sourcecode.c.objc; path = XHJokeFormController.m; sourceTree = SOURCE_ROOT; };
		1BBFB6EE19B5C50100F0E31F /* XHJokeFormController.xib */ = {isa = PBXFileReference; fileEncoding = 4; lastKnownFileType = file.xib; path = XHJokeFormController.xib; sourceTree = SOURCE_ROOT; };
		1BE0A07219B6C920004BAF97 /* XHUser.h */ = {isa = PBXFileReference; fileEncoding = 4; lastKnownFileType = sourcecode.c.h; path = XHUser.h; sourceTree = SOURCE_ROOT; };
		1BE0A07319B6C920004BAF97 /* XHUser.m */ = {isa = PBXFileReference; fileEncoding = 4; lastKnownFileType = sourcecode.c.objc; path = XHUser.m; sourceTree = SOURCE_ROOT; };
		1BE0A07519B6EC80004BAF97 /* XHPreferences.h */ = {isa = PBXFileReference; fileEncoding = 4; lastKnownFileType = sourcecode.c.h; path = XHPreferences.h; sourceTree = SOURCE_ROOT; };
		1BE0A07619B6EC80004BAF97 /* XHPreferences.m */ = {isa = PBXFileReference; fileEncoding = 4; lastKnownFileType = sourcecode.c.objc; path = XHPreferences.m; sourceTree = SOURCE_ROOT; };
		333BAACA3F9A4FECA9DD53C3 /* Pods.xcconfig */ = {isa = PBXFileReference; includeInIndex = 1; lastKnownFileType = text.xcconfig; name = Pods.xcconfig; path = Pods/Pods.xcconfig; sourceTree = "<group>"; };
		7077413D4E2E4A87AE475A48 /* libPods.a */ = {isa = PBXFileReference; explicitFileType = archive.ar; includeInIndex = 0; path = libPods.a; sourceTree = BUILT_PRODUCTS_DIR; };
		BF080DC619AF75A3001D3EA9 /* placeholder@2x.gif */ = {isa = PBXFileReference; lastKnownFileType = image.gif; path = "placeholder@2x.gif"; sourceTree = "<group>"; };
		BF27E09719B4BD3900AC9730 /* comment.png */ = {isa = PBXFileReference; lastKnownFileType = image.png; path = comment.png; sourceTree = "<group>"; };
		BF27E09819B4BD3900AC9730 /* comment@2x.png */ = {isa = PBXFileReference; lastKnownFileType = image.png; path = "comment@2x.png"; sourceTree = "<group>"; };
		BF27E09919B4BD3900AC9730 /* down.png */ = {isa = PBXFileReference; lastKnownFileType = image.png; path = down.png; sourceTree = "<group>"; };
		BF27E09A19B4BD3900AC9730 /* down@2x.png */ = {isa = PBXFileReference; lastKnownFileType = image.png; path = "down@2x.png"; sourceTree = "<group>"; };
		BF27E09B19B4BD3900AC9730 /* message.png */ = {isa = PBXFileReference; lastKnownFileType = image.png; path = message.png; sourceTree = "<group>"; };
		BF27E09C19B4BD3900AC9730 /* message@2x.png */ = {isa = PBXFileReference; lastKnownFileType = image.png; path = "message@2x.png"; sourceTree = "<group>"; };
		BF27E09F19B4BD3900AC9730 /* user.png */ = {isa = PBXFileReference; lastKnownFileType = image.png; path = user.png; sourceTree = "<group>"; };
		BF27E0A019B4BD3900AC9730 /* user@2x.png */ = {isa = PBXFileReference; lastKnownFileType = image.png; path = "user@2x.png"; sourceTree = "<group>"; };
		BF27E0AB19B4BE4100AC9730 /* refresh.png */ = {isa = PBXFileReference; lastKnownFileType = image.png; path = refresh.png; sourceTree = "<group>"; };
		BF27E0AC19B4BE4100AC9730 /* refresh@2x.png */ = {isa = PBXFileReference; lastKnownFileType = image.png; path = "refresh@2x.png"; sourceTree = "<group>"; };
		BF513DD819B601DD00023AA6 /* setting.png */ = {isa = PBXFileReference; lastKnownFileType = image.png; path = setting.png; sourceTree = "<group>"; };
		BF513DD919B601DD00023AA6 /* setting@2x.png */ = {isa = PBXFileReference; lastKnownFileType = image.png; path = "setting@2x.png"; sourceTree = "<group>"; };
		BF513DDA19B601DD00023AA6 /* up.png */ = {isa = PBXFileReference; lastKnownFileType = image.png; path = up.png; sourceTree = "<group>"; };
		BF513DDB19B601DD00023AA6 /* up@2x.png */ = {isa = PBXFileReference; lastKnownFileType = image.png; path = "up@2x.png"; sourceTree = "<group>"; };
		BF513DE019B6024400023AA6 /* envelope.png */ = {isa = PBXFileReference; lastKnownFileType = image.png; path = envelope.png; sourceTree = "<group>"; };
		BF513DE119B6024400023AA6 /* envelope@2x.png */ = {isa = PBXFileReference; lastKnownFileType = image.png; path = "envelope@2x.png"; sourceTree = "<group>"; };
		BFC06AF219B8A6D2009F4F35 /* power@2x.png */ = {isa = PBXFileReference; lastKnownFileType = image.png; path = "power@2x.png"; sourceTree = "<group>"; };
		BFC06AF319B8A6D2009F4F35 /* power.png */ = {isa = PBXFileReference; lastKnownFileType = image.png; path = power.png; sourceTree = "<group>"; };
		BFC06AF619B8A707009F4F35 /* avatar.png */ = {isa = PBXFileReference; lastKnownFileType = image.png; path = avatar.png; sourceTree = "<group>"; };
		BFC06AF719B8A707009F4F35 /* avatar@2x.png */ = {isa = PBXFileReference; lastKnownFileType = image.png; path = "avatar@2x.png"; sourceTree = "<group>"; };
		BFCC28DA19B2206C00DE391F /* MJRefresh.bundle */ = {isa = PBXFileReference; lastKnownFileType = "wrapper.plug-in"; path = MJRefresh.bundle; sourceTree = "<group>"; };
		BFCC28DB19B2206C00DE391F /* MJRefresh.h */ = {isa = PBXFileReference; fileEncoding = 4; lastKnownFileType = sourcecode.c.h; path = MJRefresh.h; sourceTree = "<group>"; };
		BFCC28DC19B2206C00DE391F /* MJRefreshBaseView.h */ = {isa = PBXFileReference; fileEncoding = 4; lastKnownFileType = sourcecode.c.h; path = MJRefreshBaseView.h; sourceTree = "<group>"; };
		BFCC28DD19B2206C00DE391F /* MJRefreshBaseView.m */ = {isa = PBXFileReference; fileEncoding = 4; lastKnownFileType = sourcecode.c.objc; path = MJRefreshBaseView.m; sourceTree = "<group>"; };
		BFCC28DE19B2206C00DE391F /* MJRefreshConst.h */ = {isa = PBXFileReference; fileEncoding = 4; lastKnownFileType = sourcecode.c.h; path = MJRefreshConst.h; sourceTree = "<group>"; };
		BFCC28DF19B2206C00DE391F /* MJRefreshConst.m */ = {isa = PBXFileReference; fileEncoding = 4; lastKnownFileType = sourcecode.c.objc; path = MJRefreshConst.m; sourceTree = "<group>"; };
		BFCC28E019B2206C00DE391F /* MJRefreshFooterView.h */ = {isa = PBXFileReference; fileEncoding = 4; lastKnownFileType = sourcecode.c.h; path = MJRefreshFooterView.h; sourceTree = "<group>"; };
		BFCC28E119B2206C00DE391F /* MJRefreshFooterView.m */ = {isa = PBXFileReference; fileEncoding = 4; lastKnownFileType = sourcecode.c.objc; path = MJRefreshFooterView.m; sourceTree = "<group>"; };
		BFCC28E219B2206C00DE391F /* MJRefreshHeaderView.h */ = {isa = PBXFileReference; fileEncoding = 4; lastKnownFileType = sourcecode.c.h; path = MJRefreshHeaderView.h; sourceTree = "<group>"; };
		BFCC28E319B2206C00DE391F /* MJRefreshHeaderView.m */ = {isa = PBXFileReference; fileEncoding = 4; lastKnownFileType = sourcecode.c.objc; path = MJRefreshHeaderView.m; sourceTree = "<group>"; };
		BFCC28E419B2206C00DE391F /* UIScrollView+MJExtension.h */ = {isa = PBXFileReference; fileEncoding = 4; lastKnownFileType = sourcecode.c.h; path = "UIScrollView+MJExtension.h"; sourceTree = "<group>"; };
		BFCC28E519B2206C00DE391F /* UIScrollView+MJExtension.m */ = {isa = PBXFileReference; fileEncoding = 4; lastKnownFileType = sourcecode.c.objc; path = "UIScrollView+MJExtension.m"; sourceTree = "<group>"; };
		BFCC28E619B2206C00DE391F /* UIScrollView+MJRefresh.h */ = {isa = PBXFileReference; fileEncoding = 4; lastKnownFileType = sourcecode.c.h; path = "UIScrollView+MJRefresh.h"; sourceTree = "<group>"; };
		BFCC28E719B2206C00DE391F /* UIScrollView+MJRefresh.m */ = {isa = PBXFileReference; fileEncoding = 4; lastKnownFileType = sourcecode.c.objc; path = "UIScrollView+MJRefresh.m"; sourceTree = "<group>"; };
		BFCC28E819B2206C00DE391F /* UIView+MJExtension.h */ = {isa = PBXFileReference; fileEncoding = 4; lastKnownFileType = sourcecode.c.h; path = "UIView+MJExtension.h"; sourceTree = "<group>"; };
		BFCC28E919B2206C00DE391F /* UIView+MJExtension.m */ = {isa = PBXFileReference; fileEncoding = 4; lastKnownFileType = sourcecode.c.objc; path = "UIView+MJExtension.m"; sourceTree = "<group>"; };
/* End PBXFileReference section */

/* Begin PBXFrameworksBuildPhase section */
		1B3C9F3119ADD1A700C79552 /* Frameworks */ = {
			isa = PBXFrameworksBuildPhase;
			buildActionMask = 2147483647;
			files = (
				1B3C9F3A19ADD1A700C79552 /* CoreGraphics.framework in Frameworks */,
				1B3C9F3C19ADD1A700C79552 /* UIKit.framework in Frameworks */,
				1B3C9F3819ADD1A700C79552 /* Foundation.framework in Frameworks */,
				FB4F044A9300474D8C22AB53 /* libPods.a in Frameworks */,
			);
			runOnlyForDeploymentPostprocessing = 0;
		};
		1B3C9F4C19ADD1A700C79552 /* Frameworks */ = {
			isa = PBXFrameworksBuildPhase;
			buildActionMask = 2147483647;
			files = (
				1B3C9F5119ADD1A700C79552 /* XCTest.framework in Frameworks */,
				1B3C9F5319ADD1A700C79552 /* UIKit.framework in Frameworks */,
				1B3C9F5219ADD1A700C79552 /* Foundation.framework in Frameworks */,
			);
			runOnlyForDeploymentPostprocessing = 0;
		};
/* End PBXFrameworksBuildPhase section */

/* Begin PBXGroup section */
		1B3C9F2B19ADD1A700C79552 = {
			isa = PBXGroup;
			children = (
				1B3C9F3D19ADD1A700C79552 /* XiaoHuaApp */,
				1B3C9F5619ADD1A700C79552 /* XiaoHuaAppTests */,
				1B3C9F3619ADD1A700C79552 /* Frameworks */,
				1B3C9F3519ADD1A700C79552 /* Products */,
				333BAACA3F9A4FECA9DD53C3 /* Pods.xcconfig */,
			);
			sourceTree = "<group>";
		};
		1B3C9F3519ADD1A700C79552 /* Products */ = {
			isa = PBXGroup;
			children = (
				1B3C9F3419ADD1A700C79552 /* XiaoHuaApp.app */,
				1B3C9F4F19ADD1A700C79552 /* XiaoHuaAppTests.xctest */,
			);
			name = Products;
			sourceTree = "<group>";
		};
		1B3C9F3619ADD1A700C79552 /* Frameworks */ = {
			isa = PBXGroup;
			children = (
				1B3C9F3719ADD1A700C79552 /* Foundation.framework */,
				1B3C9F3919ADD1A700C79552 /* CoreGraphics.framework */,
				1B3C9F3B19ADD1A700C79552 /* UIKit.framework */,
				1B3C9F5019ADD1A700C79552 /* XCTest.framework */,
				7077413D4E2E4A87AE475A48 /* libPods.a */,
			);
			name = Frameworks;
			sourceTree = "<group>";
		};
		1B3C9F3D19ADD1A700C79552 /* XiaoHuaApp */ = {
			isa = PBXGroup;
			children = (
				BFCC28D719B21F0E00DE391F /* Libraries */,
				1B3C9F6619ADDA3400C79552 /* Categories */,
				1B3C9F6719ADDA3400C79552 /* Controllers */,
				1B3C9F6819ADDA3400C79552 /* Models */,
				1B3C9F6919ADDA3400C79552 /* Resources */,
				1B3C9F4619ADD1A700C79552 /* XHAppDelegate.h */,
				1B3C9F4719ADD1A700C79552 /* XHAppDelegate.m */,
				1B3C9F4919ADD1A700C79552 /* Images.xcassets */,
				1B3C9F3E19ADD1A700C79552 /* Supporting Files */,
			);
			path = XiaoHuaApp;
			sourceTree = "<group>";
		};
		1B3C9F3E19ADD1A700C79552 /* Supporting Files */ = {
			isa = PBXGroup;
			children = (
				1B3C9F3F19ADD1A700C79552 /* XiaoHuaApp-Info.plist */,
				1B3C9F4019ADD1A700C79552 /* InfoPlist.strings */,
				1B3C9F4319ADD1A700C79552 /* main.m */,
				1B3C9F4519ADD1A700C79552 /* XiaoHuaApp-Prefix.pch */,
			);
			name = "Supporting Files";
			sourceTree = "<group>";
		};
		1B3C9F5619ADD1A700C79552 /* XiaoHuaAppTests */ = {
			isa = PBXGroup;
			children = (
				1B3C9F5C19ADD1A700C79552 /* XiaoHuaAppTests.m */,
				1B3C9F5719ADD1A700C79552 /* Supporting Files */,
			);
			path = XiaoHuaAppTests;
			sourceTree = "<group>";
		};
		1B3C9F5719ADD1A700C79552 /* Supporting Files */ = {
			isa = PBXGroup;
			children = (
				1B3C9F5819ADD1A700C79552 /* XiaoHuaAppTests-Info.plist */,
				1B3C9F5919ADD1A700C79552 /* InfoPlist.strings */,
			);
			name = "Supporting Files";
			sourceTree = "<group>";
		};
		1B3C9F6619ADDA3400C79552 /* Categories */ = {
			isa = PBXGroup;
			children = (
				1B55FB3419AF1F3C00C8A44E /* NSString+IsEmpty.h */,
				1B55FB3519AF1F3C00C8A44E /* NSString+IsEmpty.m */,
			);
			path = Categories;
			sourceTree = "<group>";
		};
		1B3C9F6719ADDA3400C79552 /* Controllers */ = {
			isa = PBXGroup;
			children = (
				1B55FB1919AECB3000C8A44E /* XHJokesController.h */,
				1B55FB1A19AECB3000C8A44E /* XHJokesController.m */,
				1B55FB2819AED97400C8A44E /* XHUserController.h */,
				1B55FB2919AED97400C8A44E /* XHUserController.m */,
				1B55FB3019AEDFF800C8A44E /* XHJokeCell.h */,
				1B55FB3119AEDFF800C8A44E /* XHJokeCell.m */,
				1BBFB6D119B591CC00F0E31F /* XHSettingController.h */,
				1BBFB6D219B591CC00F0E31F /* XHSettingController.m */,
				1BBFB6D319B591CC00F0E31F /* XHSettingController.xib */,
				1BBFB6DE19B5AEC800F0E31F /* XHLoginController.h */,
				1BBFB6DF19B5AEC800F0E31F /* XHLoginController.m */,
				1BBFB6E019B5AEC800F0E31F /* XHLoginController.xib */,
				1BBFB6E319B5C26000F0E31F /* XHMessagesController.h */,
				1BBFB6E419B5C26000F0E31F /* XHMessagesController.m */,
				1BBFB6E519B5C26000F0E31F /* XHMessagesController.xib */,
				1BBFB6EC19B5C50100F0E31F /* XHJokeFormController.h */,
				1BBFB6ED19B5C50100F0E31F /* XHJokeFormController.m */,
				1BBFB6EE19B5C50100F0E31F /* XHJokeFormController.xib */,
				1B600F4D19B9A0C7005D3082 /* XHRegisterController.h */,
				1B600F4E19B9A0C7005D3082 /* XHRegisterController.m */,
				1B600F4F19B9A0C7005D3082 /* XHRegisterController.xib */,
			);
			path = Controllers;
			sourceTree = "<group>";
		};
		1B3C9F6819ADDA3400C79552 /* Models */ = {
			isa = PBXGroup;
			children = (
				1B55FB2D19AEDE9C00C8A44E /* XHJoke.h */,
				1B55FB2E19AEDE9C00C8A44E /* XHJoke.m */,
				1BE0A07219B6C920004BAF97 /* XHUser.h */,
				1BE0A07319B6C920004BAF97 /* XHUser.m */,
				1BE0A07519B6EC80004BAF97 /* XHPreferences.h */,
				1BE0A07619B6EC80004BAF97 /* XHPreferences.m */,
			);
			path = Models;
			sourceTree = "<group>";
		};
		1B3C9F6919ADDA3400C79552 /* Resources */ = {
			isa = PBXGroup;
			children = (
				BFC06AF619B8A707009F4F35 /* avatar.png */,
				BFC06AF719B8A707009F4F35 /* avatar@2x.png */,
				BFC06AF219B8A6D2009F4F35 /* power@2x.png */,
				BFC06AF319B8A6D2009F4F35 /* power.png */,
				BF513DE019B6024400023AA6 /* envelope.png */,
				BF513DE119B6024400023AA6 /* envelope@2x.png */,
				BF513DD819B601DD00023AA6 /* setting.png */,
				BF513DD919B601DD00023AA6 /* setting@2x.png */,
				BF513DDA19B601DD00023AA6 /* up.png */,
				BF513DDB19B601DD00023AA6 /* up@2x.png */,
				BF27E0AB19B4BE4100AC9730 /* refresh.png */,
				BF27E0AC19B4BE4100AC9730 /* refresh@2x.png */,
				BF27E09719B4BD3900AC9730 /* comment.png */,
				BF27E09819B4BD3900AC9730 /* comment@2x.png */,
				BF27E09919B4BD3900AC9730 /* down.png */,
				BF27E09A19B4BD3900AC9730 /* down@2x.png */,
				BF27E09B19B4BD3900AC9730 /* message.png */,
				BF27E09C19B4BD3900AC9730 /* message@2x.png */,
				BF27E09F19B4BD3900AC9730 /* user.png */,
				BF27E0A019B4BD3900AC9730 /* user@2x.png */,
				BF080DC619AF75A3001D3EA9 /* placeholder@2x.gif */,
			);
			path = Resources;
			sourceTree = "<group>";
		};
		BFCC28D719B21F0E00DE391F /* Libraries */ = {
			isa = PBXGroup;
			children = (
				BFCC28D919B2206C00DE391F /* MJRefresh */,
			);
			path = Libraries;
			sourceTree = "<group>";
		};
		BFCC28D919B2206C00DE391F /* MJRefresh */ = {
			isa = PBXGroup;
			children = (
				BFCC28DA19B2206C00DE391F /* MJRefresh.bundle */,
				BFCC28DB19B2206C00DE391F /* MJRefresh.h */,
				BFCC28DC19B2206C00DE391F /* MJRefreshBaseView.h */,
				BFCC28DD19B2206C00DE391F /* MJRefreshBaseView.m */,
				BFCC28DE19B2206C00DE391F /* MJRefreshConst.h */,
				BFCC28DF19B2206C00DE391F /* MJRefreshConst.m */,
				BFCC28E019B2206C00DE391F /* MJRefreshFooterView.h */,
				BFCC28E119B2206C00DE391F /* MJRefreshFooterView.m */,
				BFCC28E219B2206C00DE391F /* MJRefreshHeaderView.h */,
				BFCC28E319B2206C00DE391F /* MJRefreshHeaderView.m */,
				BFCC28E419B2206C00DE391F /* UIScrollView+MJExtension.h */,
				BFCC28E519B2206C00DE391F /* UIScrollView+MJExtension.m */,
				BFCC28E619B2206C00DE391F /* UIScrollView+MJRefresh.h */,
				BFCC28E719B2206C00DE391F /* UIScrollView+MJRefresh.m */,
				BFCC28E819B2206C00DE391F /* UIView+MJExtension.h */,
				BFCC28E919B2206C00DE391F /* UIView+MJExtension.m */,
			);
			path = MJRefresh;
			sourceTree = "<group>";
		};
/* End PBXGroup section */

/* Begin PBXNativeTarget section */
		1B3C9F3319ADD1A700C79552 /* 笑话博览 */ = {
			isa = PBXNativeTarget;
			buildConfigurationList = 1B3C9F6019ADD1A700C79552 /* Build configuration list for PBXNativeTarget "笑话博览" */;
			buildPhases = (
				C35A54070E0B400085D92C2A /* Check Pods Manifest.lock */,
				1B3C9F3019ADD1A700C79552 /* Sources */,
				1B3C9F3119ADD1A700C79552 /* Frameworks */,
				1B3C9F3219ADD1A700C79552 /* Resources */,
				9D338517543D4272824CEAAE /* Copy Pods Resources */,
			);
			buildRules = (
			);
			dependencies = (
			);
			name = "笑话博览";
			productName = XiaoHuaApp;
			productReference = 1B3C9F3419ADD1A700C79552 /* XiaoHuaApp.app */;
			productType = "com.apple.product-type.application";
		};
		1B3C9F4E19ADD1A700C79552 /* XiaoHuaAppTests */ = {
			isa = PBXNativeTarget;
			buildConfigurationList = 1B3C9F6319ADD1A700C79552 /* Build configuration list for PBXNativeTarget "XiaoHuaAppTests" */;
			buildPhases = (
				1B3C9F4B19ADD1A700C79552 /* Sources */,
				1B3C9F4C19ADD1A700C79552 /* Frameworks */,
				1B3C9F4D19ADD1A700C79552 /* Resources */,
			);
			buildRules = (
			);
			dependencies = (
				1B3C9F5519ADD1A700C79552 /* PBXTargetDependency */,
				1B39385419B4624600FCCF15 /* PBXTargetDependency */,
				1B39385619B4624600FCCF15 /* PBXTargetDependency */,
			);
			name = XiaoHuaAppTests;
			productName = XiaoHuaAppTests;
			productReference = 1B3C9F4F19ADD1A700C79552 /* XiaoHuaAppTests.xctest */;
			productType = "com.apple.product-type.bundle.unit-test";
		};
/* End PBXNativeTarget section */

/* Begin PBXProject section */
		1B3C9F2C19ADD1A700C79552 /* Project object */ = {
			isa = PBXProject;
			attributes = {
				CLASSPREFIX = XH;
				LastUpgradeCheck = 0510;
				ORGANIZATIONNAME = Ebooom;
				TargetAttributes = {
					1B3C9F4E19ADD1A700C79552 = {
						TestTargetID = 1B3C9F3319ADD1A700C79552;
					};
				};
			};
			buildConfigurationList = 1B3C9F2F19ADD1A700C79552 /* Build configuration list for PBXProject "XiaoHuaApp" */;
			compatibilityVersion = "Xcode 3.2";
			developmentRegion = English;
			hasScannedForEncodings = 0;
			knownRegions = (
				en,
			);
			mainGroup = 1B3C9F2B19ADD1A700C79552;
			productRefGroup = 1B3C9F3519ADD1A700C79552 /* Products */;
			projectDirPath = "";
			projectRoot = "";
			targets = (
				1B3C9F3319ADD1A700C79552 /* 笑话博览 */,
				1B3C9F4E19ADD1A700C79552 /* XiaoHuaAppTests */,
			);
		};
/* End PBXProject section */

/* Begin PBXResourcesBuildPhase section */
		1B3C9F3219ADD1A700C79552 /* Resources */ = {
			isa = PBXResourcesBuildPhase;
			buildActionMask = 2147483647;
			files = (
				1B3C9F4219ADD1A700C79552 /* InfoPlist.strings in Resources */,
				BF27E0A219B4BD3900AC9730 /* comment@2x.png in Resources */,
				BFC06AF519B8A6D2009F4F35 /* power.png in Resources */,
				1BBFB6E219B5AEC800F0E31F /* XHLoginController.xib in Resources */,
				1B600F5119B9A0C7005D3082 /* XHRegisterController.xib in Resources */,
				BF27E0A119B4BD3900AC9730 /* comment.png in Resources */,
				BF513DE319B6024400023AA6 /* envelope@2x.png in Resources */,
				BFC06AF819B8A707009F4F35 /* avatar.png in Resources */,
				1BBFB6E719B5C26000F0E31F /* XHMessagesController.xib in Resources */,
				BF27E0AD19B4BE4100AC9730 /* refresh.png in Resources */,
				BFC06AF919B8A707009F4F35 /* avatar@2x.png in Resources */,
				BFCC28EA19B2206C00DE391F /* MJRefresh.bundle in Resources */,
				1BBFB6F019B5C50100F0E31F /* XHJokeFormController.xib in Resources */,
				BF27E0A619B4BD3900AC9730 /* message@2x.png in Resources */,
				BF27E0A519B4BD3900AC9730 /* message.png in Resources */,
				BF513DDC19B601DD00023AA6 /* setting.png in Resources */,
				BF27E0A919B4BD3900AC9730 /* user.png in Resources */,
				BF513DDE19B601DD00023AA6 /* up.png in Resources */,
				1BBFB6D519B591CC00F0E31F /* XHSettingController.xib in Resources */,
				BF513DE219B6024400023AA6 /* envelope.png in Resources */,
				1B3C9F4A19ADD1A700C79552 /* Images.xcassets in Resources */,
				BF27E0AE19B4BE4100AC9730 /* refresh@2x.png in Resources */,
				BF513DDD19B601DD00023AA6 /* setting@2x.png in Resources */,
				BF080DC719AF75A3001D3EA9 /* placeholder@2x.gif in Resources */,
				BF513DDF19B601DD00023AA6 /* up@2x.png in Resources */,
				BF27E0A419B4BD3900AC9730 /* down@2x.png in Resources */,
				BF27E0A319B4BD3900AC9730 /* down.png in Resources */,
				BFC06AF419B8A6D2009F4F35 /* power@2x.png in Resources */,
				BF27E0AA19B4BD3900AC9730 /* user@2x.png in Resources */,
			);
			runOnlyForDeploymentPostprocessing = 0;
		};
		1B3C9F4D19ADD1A700C79552 /* Resources */ = {
			isa = PBXResourcesBuildPhase;
			buildActionMask = 2147483647;
			files = (
				1B3C9F5B19ADD1A700C79552 /* InfoPlist.strings in Resources */,
			);
			runOnlyForDeploymentPostprocessing = 0;
		};
/* End PBXResourcesBuildPhase section */

/* Begin PBXShellScriptBuildPhase section */
		9D338517543D4272824CEAAE /* Copy Pods Resources */ = {
			isa = PBXShellScriptBuildPhase;
			buildActionMask = 2147483647;
			files = (
			);
			inputPaths = (
			);
			name = "Copy Pods Resources";
			outputPaths = (
			);
			runOnlyForDeploymentPostprocessing = 0;
			shellPath = /bin/sh;
			shellScript = "\"${SRCROOT}/Pods/Pods-resources.sh\"\n";
			showEnvVarsInLog = 0;
		};
		C35A54070E0B400085D92C2A /* Check Pods Manifest.lock */ = {
			isa = PBXShellScriptBuildPhase;
			buildActionMask = 2147483647;
			files = (
			);
			inputPaths = (
			);
			name = "Check Pods Manifest.lock";
			outputPaths = (
			);
			runOnlyForDeploymentPostprocessing = 0;
			shellPath = /bin/sh;
			shellScript = "diff \"${PODS_ROOT}/../Podfile.lock\" \"${PODS_ROOT}/Manifest.lock\" > /dev/null\nif [[ $? != 0 ]] ; then\n    cat << EOM\nerror: The sandbox is not in sync with the Podfile.lock. Run 'pod install' or update your CocoaPods installation.\nEOM\n    exit 1\nfi\n";
			showEnvVarsInLog = 0;
		};
/* End PBXShellScriptBuildPhase section */

/* Begin PBXSourcesBuildPhase section */
		1B3C9F3019ADD1A700C79552 /* Sources */ = {
			isa = PBXSourcesBuildPhase;
			buildActionMask = 2147483647;
			files = (
				BFCC28ED19B2206C00DE391F /* MJRefreshFooterView.m in Sources */,
				BFCC28F119B2206C00DE391F /* UIView+MJExtension.m in Sources */,
				1BBFB6E119B5AEC800F0E31F /* XHLoginController.m in Sources */,
				1B600F5019B9A0C7005D3082 /* XHRegisterController.m in Sources */,
				1BBFB6D419B591CC00F0E31F /* XHSettingController.m in Sources */,
				BFCC28EF19B2206C00DE391F /* UIScrollView+MJExtension.m in Sources */,
				1B3C9F4819ADD1A700C79552 /* XHAppDelegate.m in Sources */,
				1B55FB3219AEDFF800C8A44E /* XHJokeCell.m in Sources */,
				BFCC28F019B2206C00DE391F /* UIScrollView+MJRefresh.m in Sources */,
				1BE0A07719B6EC80004BAF97 /* XHPreferences.m in Sources */,
				1B55FB3619AF1F3C00C8A44E /* NSString+IsEmpty.m in Sources */,
				1BE0A07419B6C920004BAF97 /* XHUser.m in Sources */,
				BFCC28EC19B2206C00DE391F /* MJRefreshConst.m in Sources */,
				BFCC28EE19B2206C00DE391F /* MJRefreshHeaderView.m in Sources */,
				1B55FB2F19AEDE9C00C8A44E /* XHJoke.m in Sources */,
				1BBFB6EF19B5C50100F0E31F /* XHJokeFormController.m in Sources */,
				1B55FB2A19AED97400C8A44E /* XHUserController.m in Sources */,
				BFCC28EB19B2206C00DE391F /* MJRefreshBaseView.m in Sources */,
				1BBFB6E619B5C26000F0E31F /* XHMessagesController.m in Sources */,
				1B3C9F4419ADD1A700C79552 /* main.m in Sources */,
				1B55FB1B19AECB3000C8A44E /* XHJokesController.m in Sources */,
			);
			runOnlyForDeploymentPostprocessing = 0;
		};
		1B3C9F4B19ADD1A700C79552 /* Sources */ = {
			isa = PBXSourcesBuildPhase;
			buildActionMask = 2147483647;
			files = (
				1B3C9F5D19ADD1A700C79552 /* XiaoHuaAppTests.m in Sources */,
			);
			runOnlyForDeploymentPostprocessing = 0;
		};
/* End PBXSourcesBuildPhase section */

/* Begin PBXTargetDependency section */
		1B39385419B4624600FCCF15 /* PBXTargetDependency */ = {
			isa = PBXTargetDependency;
			target = 1B3C9F3319ADD1A700C79552 /* 笑话博览 */;
			targetProxy = 1B39385319B4624600FCCF15 /* PBXContainerItemProxy */;
		};
		1B39385619B4624600FCCF15 /* PBXTargetDependency */ = {
			isa = PBXTargetDependency;
			target = 1B3C9F3319ADD1A700C79552 /* 笑话博览 */;
			targetProxy = 1B39385519B4624600FCCF15 /* PBXContainerItemProxy */;
		};
		1B3C9F5519ADD1A700C79552 /* PBXTargetDependency */ = {
			isa = PBXTargetDependency;
			target = 1B3C9F3319ADD1A700C79552 /* 笑话博览 */;
			targetProxy = 1B3C9F5419ADD1A700C79552 /* PBXContainerItemProxy */;
		};
/* End PBXTargetDependency section */

/* Begin PBXVariantGroup section */
		1B3C9F4019ADD1A700C79552 /* InfoPlist.strings */ = {
			isa = PBXVariantGroup;
			children = (
				1B3C9F4119ADD1A700C79552 /* en */,
			);
			name = InfoPlist.strings;
			sourceTree = "<group>";
		};
		1B3C9F5919ADD1A700C79552 /* InfoPlist.strings */ = {
			isa = PBXVariantGroup;
			children = (
				1B3C9F5A19ADD1A700C79552 /* en */,
			);
			name = InfoPlist.strings;
			sourceTree = "<group>";
		};
/* End PBXVariantGroup section */

/* Begin XCBuildConfiguration section */
		1B3C9F5E19ADD1A700C79552 /* Debug */ = {
			isa = XCBuildConfiguration;
			buildSettings = {
				ALWAYS_SEARCH_USER_PATHS = NO;
				CLANG_CXX_LANGUAGE_STANDARD = "gnu++0x";
				CLANG_CXX_LIBRARY = "libc++";
				CLANG_ENABLE_MODULES = YES;
				CLANG_ENABLE_OBJC_ARC = YES;
				CLANG_WARN_BOOL_CONVERSION = YES;
				CLANG_WARN_CONSTANT_CONVERSION = YES;
				CLANG_WARN_DIRECT_OBJC_ISA_USAGE = YES_ERROR;
				CLANG_WARN_EMPTY_BODY = YES;
				CLANG_WARN_ENUM_CONVERSION = YES;
				CLANG_WARN_INT_CONVERSION = YES;
				CLANG_WARN_OBJC_ROOT_CLASS = YES_ERROR;
				CLANG_WARN__DUPLICATE_METHOD_MATCH = YES;
				"CODE_SIGN_IDENTITY[sdk=iphoneos*]" = "iPhone Developer";
				COPY_PHASE_STRIP = NO;
				GCC_C_LANGUAGE_STANDARD = gnu99;
				GCC_DYNAMIC_NO_PIC = NO;
				GCC_OPTIMIZATION_LEVEL = 0;
				GCC_PREPROCESSOR_DEFINITIONS = (
					"DEBUG=1",
					"$(inherited)",
				);
				GCC_SYMBOLS_PRIVATE_EXTERN = NO;
				GCC_WARN_64_TO_32_BIT_CONVERSION = YES;
				GCC_WARN_ABOUT_RETURN_TYPE = YES_ERROR;
				GCC_WARN_UNDECLARED_SELECTOR = YES;
				GCC_WARN_UNINITIALIZED_AUTOS = YES_AGGRESSIVE;
				GCC_WARN_UNUSED_FUNCTION = YES;
				GCC_WARN_UNUSED_VARIABLE = YES;
				IPHONEOS_DEPLOYMENT_TARGET = 7.1;
				ONLY_ACTIVE_ARCH = YES;
				SDKROOT = iphoneos;
			};
			name = Debug;
		};
		1B3C9F5F19ADD1A700C79552 /* Release */ = {
			isa = XCBuildConfiguration;
			buildSettings = {
				ALWAYS_SEARCH_USER_PATHS = NO;
				CLANG_CXX_LANGUAGE_STANDARD = "gnu++0x";
				CLANG_CXX_LIBRARY = "libc++";
				CLANG_ENABLE_MODULES = YES;
				CLANG_ENABLE_OBJC_ARC = YES;
				CLANG_WARN_BOOL_CONVERSION = YES;
				CLANG_WARN_CONSTANT_CONVERSION = YES;
				CLANG_WARN_DIRECT_OBJC_ISA_USAGE = YES_ERROR;
				CLANG_WARN_EMPTY_BODY = YES;
				CLANG_WARN_ENUM_CONVERSION = YES;
				CLANG_WARN_INT_CONVERSION = YES;
				CLANG_WARN_OBJC_ROOT_CLASS = YES_ERROR;
				CLANG_WARN__DUPLICATE_METHOD_MATCH = YES;
				"CODE_SIGN_IDENTITY[sdk=iphoneos*]" = "iPhone Developer";
				COPY_PHASE_STRIP = YES;
				ENABLE_NS_ASSERTIONS = NO;
				GCC_C_LANGUAGE_STANDARD = gnu99;
				GCC_WARN_64_TO_32_BIT_CONVERSION = YES;
				GCC_WARN_ABOUT_RETURN_TYPE = YES_ERROR;
				GCC_WARN_UNDECLARED_SELECTOR = YES;
				GCC_WARN_UNINITIALIZED_AUTOS = YES_AGGRESSIVE;
				GCC_WARN_UNUSED_FUNCTION = YES;
				GCC_WARN_UNUSED_VARIABLE = YES;
				IPHONEOS_DEPLOYMENT_TARGET = 7.1;
				SDKROOT = iphoneos;
				VALIDATE_PRODUCT = YES;
			};
			name = Release;
		};
		1B3C9F6119ADD1A700C79552 /* Debug */ = {
			isa = XCBuildConfiguration;
			baseConfigurationReference = 333BAACA3F9A4FECA9DD53C3 /* Pods.xcconfig */;
			buildSettings = {
				ASSETCATALOG_COMPILER_APPICON_NAME = AppIcon;
				ASSETCATALOG_COMPILER_LAUNCHIMAGE_NAME = LaunchImage;
				CODE_SIGN_IDENTITY = "iPhone Developer";
				GCC_PRECOMPILE_PREFIX_HEADER = YES;
				GCC_PREFIX_HEADER = "XiaoHuaApp/XiaoHuaApp-Prefix.pch";
				INFOPLIST_FILE = "XiaoHuaApp/XiaoHuaApp-Info.plist";
				IPHONEOS_DEPLOYMENT_TARGET = 7.1;
				PRODUCT_NAME = "$(TARGET_NAME)";
				TARGETED_DEVICE_FAMILY = 1;
				WRAPPER_EXTENSION = app;
			};
			name = Debug;
		};
		1B3C9F6219ADD1A700C79552 /* Release */ = {
			isa = XCBuildConfiguration;
			baseConfigurationReference = 333BAACA3F9A4FECA9DD53C3 /* Pods.xcconfig */;
			buildSettings = {
				ASSETCATALOG_COMPILER_APPICON_NAME = AppIcon;
				ASSETCATALOG_COMPILER_LAUNCHIMAGE_NAME = LaunchImage;
				CODE_SIGN_IDENTITY = "iPhone Developer";
				GCC_PRECOMPILE_PREFIX_HEADER = YES;
				GCC_PREFIX_HEADER = "XiaoHuaApp/XiaoHuaApp-Prefix.pch";
				INFOPLIST_FILE = "XiaoHuaApp/XiaoHuaApp-Info.plist";
				IPHONEOS_DEPLOYMENT_TARGET = 7.1;
				PRODUCT_NAME = "$(TARGET_NAME)";
				TARGETED_DEVICE_FAMILY = 1;
				WRAPPER_EXTENSION = app;
			};
			name = Release;
		};
		1B3C9F6419ADD1A700C79552 /* Debug */ = {
			isa = XCBuildConfiguration;
			buildSettings = {
				BUNDLE_LOADER = "$(BUILT_PRODUCTS_DIR)/XiaoHuaApp.app/XiaoHuaApp";
				FRAMEWORK_SEARCH_PATHS = (
					"$(SDKROOT)/Developer/Library/Frameworks",
					"$(inherited)",
					"$(DEVELOPER_FRAMEWORKS_DIR)",
				);
				GCC_PRECOMPILE_PREFIX_HEADER = YES;
				GCC_PREFIX_HEADER = "XiaoHuaApp/XiaoHuaApp-Prefix.pch";
				GCC_PREPROCESSOR_DEFINITIONS = (
					"DEBUG=1",
					"$(inherited)",
				);
				INFOPLIST_FILE = "XiaoHuaAppTests/XiaoHuaAppTests-Info.plist";
				PRODUCT_NAME = "$(TARGET_NAME)";
				TEST_HOST = "$(BUNDLE_LOADER)";
				WRAPPER_EXTENSION = xctest;
			};
			name = Debug;
		};
		1B3C9F6519ADD1A700C79552 /* Release */ = {
			isa = XCBuildConfiguration;
			buildSettings = {
				BUNDLE_LOADER = "$(BUILT_PRODUCTS_DIR)/XiaoHuaApp.app/XiaoHuaApp";
				FRAMEWORK_SEARCH_PATHS = (
					"$(SDKROOT)/Developer/Library/Frameworks",
					"$(inherited)",
					"$(DEVELOPER_FRAMEWORKS_DIR)",
				);
				GCC_PRECOMPILE_PREFIX_HEADER = YES;
				GCC_PREFIX_HEADER = "XiaoHuaApp/XiaoHuaApp-Prefix.pch";
				INFOPLIST_FILE = "XiaoHuaAppTests/XiaoHuaAppTests-Info.plist";
				PRODUCT_NAME = "$(TARGET_NAME)";
				TEST_HOST = "$(BUNDLE_LOADER)";
				WRAPPER_EXTENSION = xctest;
			};
			name = Release;
		};
/* End XCBuildConfiguration section */

/* Begin XCConfigurationList section */
		1B3C9F2F19ADD1A700C79552 /* Build configuration list for PBXProject "XiaoHuaApp" */ = {
			isa = XCConfigurationList;
			buildConfigurations = (
				1B3C9F5E19ADD1A700C79552 /* Debug */,
				1B3C9F5F19ADD1A700C79552 /* Release */,
			);
			defaultConfigurationIsVisible = 0;
			defaultConfigurationName = Debug;
		};
		1B3C9F6019ADD1A700C79552 /* Build configuration list for PBXNativeTarget "笑话博览" */ = {
			isa = XCConfigurationList;
			buildConfigurations = (
				1B3C9F6119ADD1A700C79552 /* Debug */,
				1B3C9F6219ADD1A700C79552 /* Release */,
			);
			defaultConfigurationIsVisible = 0;
			defaultConfigurationName = Debug;
		};
		1B3C9F6319ADD1A700C79552 /* Build configuration list for PBXNativeTarget "XiaoHuaAppTests" */ = {
			isa = XCConfigurationList;
			buildConfigurations = (
				1B3C9F6419ADD1A700C79552 /* Debug */,
				1B3C9F6519ADD1A700C79552 /* Release */,
			);
			defaultConfigurationIsVisible = 0;
			defaultConfigurationName = Debug;
		};
/* End XCConfigurationList section */
	};
	rootObject = 1B3C9F2C19ADD1A700C79552 /* Project object */;
}
